
Microsoft Visual Studio Solution File, Format Version 12.00
# Visual Studio Version 16
VisualStudioVersion = 16.0.29609.76
MinimumVisualStudioVersion = 15.0.26124.0
Project("{9A19103F-16F7-4668-BE54-9A1E7A4F7556}") = "Pluto.netcoreTemplate.Infrastructure", "src\Pluto.netcoreTemplate.Infrastructure\Pluto.netcoreTemplate.Infrastructure.csproj", "{E6B9C091-9DCC-4EA9-A9CF-27F5E432284A}"
EndProject
Project("{9A19103F-16F7-4668-BE54-9A1E7A4F7556}") = "Pluto.netcoreTemplate.Domain", "src\Pluto.netcoreTemplate.Domain\Pluto.netcoreTemplate.Domain.csproj", "{24730CDE-11F3-4755-A694-0604EAB583B9}"
EndProject
Project("{9A19103F-16F7-4668-BE54-9A1E7A4F7556}") = "Pluto.netcoreTemplate.Application", "src\Pluto.netcoreTemplate.Application\Pluto.netcoreTemplate.Application.csproj", "{09488B14-B296-4D5E-B138-377FEF3843A9}"
EndProject
Project("{9A19103F-16F7-4668-BE54-9A1E7A4F7556}") = "Pluto.netcoreTemplate.API", "src\Pluto.netcoreTemplate.API\Pluto.netcoreTemplate.API.csproj", "{71041645-E8E5-457D-8F7E-AEB3A293910A}"
EndProject
Project("{2150E333-8FDC-42A3-9474-1A3956D46DE8}") = "Solution Items", "Solution Items", "{F9B37EC1-6843-4667-91F0-DA8F89A4878A}"
	ProjectSection(SolutionItems) = preProject
		.dockerignore = .dockerignore
		.editorconfig = .editorconfig
		Dockerfile = Dockerfile
	EndProjectSection
EndProject
Project("{9A19103F-16F7-4668-BE54-9A1E7A4F7556}") = "Pluto.netcoreTemplate.Test", "src\Pluto.netcoreTemplate.Test\Pluto.netcoreTemplate.Test.csproj", "{7213BF94-CAD0-4663-9F9B-925168447808}"
EndProject
Global
	GlobalSection(SolutionConfigurationPlatforms) = preSolution
		Debug|Any CPU = Debug|Any CPU
		Debug|x64 = Debug|x64
		Debug|x86 = Debug|x86
		Release|Any CPU = Release|Any CPU
		Release|x64 = Release|x64
		Release|x86 = Release|x86
	EndGlobalSection
	GlobalSection(ProjectConfigurationPlatforms) = postSolution
		{E6B9C091-9DCC-4EA9-A9CF-27F5E432284A}.Debug|Any CPU.ActiveCfg = Debug|Any CPU
		{E6B9C091-9DCC-4EA9-A9CF-27F5E432284A}.Debug|Any CPU.Build.0 = Debug|Any CPU
		{E6B9C091-9DCC-4EA9-A9CF-27F5E432284A}.Debug|x64.ActiveCfg = Debug|Any CPU
		{E6B9C091-9DCC-4EA9-A9CF-27F5E432284A}.Debug|x64.Build.0 = Debug|Any CPU
		{E6B9C091-9DCC-4EA9-A9CF-27F5E432284A}.Debug|x86.ActiveCfg = Debug|Any CPU
		{E6B9C091-9DCC-4EA9-A9CF-27F5E432284A}.Debug|x86.Build.0 = Debug|Any CPU
		{E6B9C091-9DCC-4EA9-A9CF-27F5E432284A}.Release|Any CPU.ActiveCfg = Release|Any CPU
		{E6B9C091-9DCC-4EA9-A9CF-27F5E432284A}.Release|Any CPU.Build.0 = Release|Any CPU
		{E6B9C091-9DCC-4EA9-A9CF-27F5E432284A}.Release|x64.ActiveCfg = Release|Any CPU
		{E6B9C091-9DCC-4EA9-A9CF-27F5E432284A}.Release|x64.Build.0 = Release|Any CPU
		{E6B9C091-9DCC-4EA9-A9CF-27F5E432284A}.Release|x86.ActiveCfg = Release|Any CPU
		{E6B9C091-9DCC-4EA9-A9CF-27F5E432284A}.Release|x86.Build.0 = Release|Any CPU
		{24730CDE-11F3-4755-A694-0604EAB583B9}.Debug|Any CPU.ActiveCfg = Debug|Any CPU
		{24730CDE-11F3-4755-A694-0604EAB583B9}.Debug|Any CPU.Build.0 = Debug|Any CPU
		{24730CDE-11F3-4755-A694-0604EAB583B9}.Debug|x64.ActiveCfg = Debug|Any CPU
		{24730CDE-11F3-4755-A694-0604EAB583B9}.Debug|x64.Build.0 = Debug|Any CPU
		{24730CDE-11F3-4755-A694-0604EAB583B9}.Debug|x86.ActiveCfg = Debug|Any CPU
		{24730CDE-11F3-4755-A694-0604EAB583B9}.Debug|x86.Build.0 = Debug|Any CPU
		{24730CDE-11F3-4755-A694-0604EAB583B9}.Release|Any CPU.ActiveCfg = Release|Any CPU
		{24730CDE-11F3-4755-A694-0604EAB583B9}.Release|Any CPU.Build.0 = Release|Any CPU
		{24730CDE-11F3-4755-A694-0604EAB583B9}.Release|x64.ActiveCfg = Release|Any CPU
		{24730CDE-11F3-4755-A694-0604EAB583B9}.Release|x64.Build.0 = Release|Any CPU
		{24730CDE-11F3-4755-A694-0604EAB583B9}.Release|x86.ActiveCfg = Release|Any CPU
		{24730CDE-11F3-4755-A694-0604EAB583B9}.Release|x86.Build.0 = Release|Any CPU
		{09488B14-B296-4D5E-B138-377FEF3843A9}.Debug|Any CPU.ActiveCfg = Debug|Any CPU
		{09488B14-B296-4D5E-B138-377FEF3843A9}.Debug|Any CPU.Build.0 = Debug|Any CPU
		{09488B14-B296-4D5E-B138-377FEF3843A9}.Debug|x64.ActiveCfg = Debug|Any CPU
		{09488B14-B296-4D5E-B138-377FEF3843A9}.Debug|x64.Build.0 = Debug|Any CPU
		{09488B14-B296-4D5E-B138-377FEF3843A9}.Debug|x86.ActiveCfg = Debug|Any CPU
		{09488B14-B296-4D5E-B138-377FEF3843A9}.Debug|x86.Build.0 = Debug|Any CPU
		{09488B14-B296-4D5E-B138-377FEF3843A9}.Release|Any CPU.ActiveCfg = Release|Any CPU
		{09488B14-B296-4D5E-B138-377FEF3843A9}.Release|Any CPU.Build.0 = Release|Any CPU
		{09488B14-B296-4D5E-B138-377FEF3843A9}.Release|x64.ActiveCfg = Release|Any CPU
		{09488B14-B296-4D5E-B138-377FEF3843A9}.Release|x64.Build.0 = Release|Any CPU
		{09488B14-B296-4D5E-B138-377FEF3843A9}.Release|x86.ActiveCfg = Release|Any CPU
		{09488B14-B296-4D5E-B138-377FEF3843A9}.Release|x86.Build.0 = Release|Any CPU
		{71041645-E8E5-457D-8F7E-AEB3A293910A}.Debug|Any CPU.ActiveCfg = Debug|Any CPU
		{71041645-E8E5-457D-8F7E-AEB3A293910A}.Debug|Any CPU.Build.0 = Debug|Any CPU
		{71041645-E8E5-457D-8F7E-AEB3A293910A}.Debug|x64.ActiveCfg = Debug|Any CPU
		{71041645-E8E5-457D-8F7E-AEB3A293910A}.Debug|x64.Build.0 = Debug|Any CPU
		{71041645-E8E5-457D-8F7E-AEB3A293910A}.Debug|x86.ActiveCfg = Debug|Any CPU
		{71041645-E8E5-457D-8F7E-AEB3A293910A}.Debug|x86.Build.0 = Debug|Any CPU
		{71041645-E8E5-457D-8F7E-AEB3A293910A}.Release|Any CPU.ActiveCfg = Release|Any CPU
		{71041645-E8E5-457D-8F7E-AEB3A293910A}.Release|Any CPU.Build.0 = Release|Any CPU
		{71041645-E8E5-457D-8F7E-AEB3A293910A}.Release|x64.ActiveCfg = Release|Any CPU
		{71041645-E8E5-457D-8F7E-AEB3A293910A}.Release|x64.Build.0 = Release|Any CPU
		{71041645-E8E5-457D-8F7E-AEB3A293910A}.Release|x86.ActiveCfg = Release|Any CPU
		{71041645-E8E5-457D-8F7E-AEB3A293910A}.Release|x86.Build.0 = Release|Any CPU
		{7213BF94-CAD0-4663-9F9B-925168447808}.Debug|Any CPU.ActiveCfg = Debug|Any CPU
		{7213BF94-CAD0-4663-9F9B-925168447808}.Debug|Any CPU.Build.0 = Debug|Any CPU
		{7213BF94-CAD0-4663-9F9B-925168447808}.Debug|x64.ActiveCfg = Debug|Any CPU
		{7213BF94-CAD0-4663-9F9B-925168447808}.Debug|x64.Build.0 = Debug|Any CPU
		{7213BF94-CAD0-4663-9F9B-925168447808}.Debug|x86.ActiveCfg = Debug|Any CPU
		{7213BF94-CAD0-4663-9F9B-925168447808}.Debug|x86.Build.0 = Debug|Any CPU
		{7213BF94-CAD0-4663-9F9B-925168447808}.Release|Any CPU.ActiveCfg = Release|Any CPU
		{7213BF94-CAD0-4663-9F9B-925168447808}.Release|Any CPU.Build.0 = Release|Any CPU
		{7213BF94-CAD0-4663-9F9B-925168447808}.Release|x64.ActiveCfg = Release|Any CPU
		{7213BF94-CAD0-4663-9F9B-925168447808}.Release|x64.Build.0 = Release|Any CPU
		{7213BF94-CAD0-4663-9F9B-925168447808}.Release|x86.ActiveCfg = Release|Any CPU
		{7213BF94-CAD0-4663-9F9B-925168447808}.Release|x86.Build.0 = Release|Any CPU
	EndGlobalSection
	GlobalSection(SolutionProperties) = preSolution
		HideSolutionNode = FALSE
	EndGlobalSection
	GlobalSection(ExtensibilityGlobals) = postSolution
		SolutionGuid = {333BFE26-6854-4F9C-86E3-563EEC0E0282}
	EndGlobalSection
EndGlobal
